{
  "version": 4,
  "terraform_version": "0.14.8",
  "serial": 35,
  "lineage": "d68ef87a-d90e-8d39-5f83-b193c4ebabea",
  "outputs": {},
  "resources": [
    {
      "mode": "managed",
      "type": "aws_instance",
      "name": "example",
      "provider": "provider[\"registry.terraform.io/hashicorp/aws\"]",
      "instances": [
        {
          "schema_version": 1,
          "attributes": {
            "ami": "ami-042e8287309f5df03",
            "arn": "arn:aws:ec2:us-east-1:489640666480:instance/i-0bba43a94c85a1a23",
            "associate_public_ip_address": true,
            "availability_zone": "us-east-1a",
            "cpu_core_count": 1,
            "cpu_threads_per_core": 1,
            "credit_specification": [
              {
                "cpu_credits": "standard"
              }
            ],
            "disable_api_termination": false,
            "ebs_block_device": [],
            "ebs_optimized": false,
            "enclave_options": [
              {
                "enabled": false
              }
            ],
            "ephemeral_block_device": [],
            "get_password_data": false,
            "hibernation": false,
            "host_id": null,
            "iam_instance_profile": "",
            "id": "i-0bba43a94c85a1a23",
            "instance_initiated_shutdown_behavior": null,
            "instance_state": "running",
            "instance_type": "t2.micro",
            "ipv6_address_count": 0,
            "ipv6_addresses": [],
            "key_name": "example",
            "metadata_options": [
              {
                "http_endpoint": "enabled",
                "http_put_response_hop_limit": 1,
                "http_tokens": "optional"
              }
            ],
            "monitoring": false,
            "network_interface": [],
            "outpost_arn": "",
            "password_data": "",
            "placement_group": "",
            "primary_network_interface_id": "eni-0aaa74b7ed72c6b55",
            "private_dns": "ip-172-31-31-58.ec2.internal",
            "private_ip": "172.31.31.58",
            "public_dns": "ec2-54-242-11-194.compute-1.amazonaws.com",
            "public_ip": "54.242.11.194",
            "root_block_device": [
              {
                "delete_on_termination": true,
                "device_name": "/dev/sda1",
                "encrypted": false,
                "iops": 100,
                "kms_key_id": "",
                "tags": {},
                "throughput": 0,
                "volume_id": "vol-06c564c687d0f7e07",
                "volume_size": 8,
                "volume_type": "gp2"
              }
            ],
            "secondary_private_ips": [],
            "security_groups": [
              "example_security_group"
            ],
            "source_dest_check": true,
            "subnet_id": "subnet-e1f3c3ac",
            "tags": {
              "Name": "ExampleInstanceAAAAA"
            },
            "tenancy": "default",
            "timeouts": null,
            "user_data": null,
            "user_data_base64": null,
            "volume_tags": null,
            "vpc_security_group_ids": [
              "sg-00d0aa35dca1b660c"
            ]
          },
          "sensitive_attributes": [],
          "private": "eyJlMmJmYjczMC1lY2FhLTExZTYtOGY4OC0zNDM2M2JjN2M0YzAiOnsiY3JlYXRlIjo2MDAwMDAwMDAwMDAsImRlbGV0ZSI6MTIwMDAwMDAwMDAwMCwidXBkYXRlIjo2MDAwMDAwMDAwMDB9LCJzY2hlbWFfdmVyc2lvbiI6IjEifQ==",
          "dependencies": [
            "aws_key_pair.auth",
            "aws_security_group.default"
          ]
        }
      ]
    },
    {
      "mode": "managed",
      "type": "aws_key_pair",
      "name": "auth",
      "provider": "provider[\"registry.terraform.io/hashicorp/aws\"]",
      "instances": [
        {
          "schema_version": 1,
          "attributes": {
            "arn": "arn:aws:ec2:us-east-1:489640666480:key-pair/example",
            "fingerprint": "02:13:72:07:33:e5:1e:33:26:82:0d:bd:ce:6a:6d:08",
            "id": "example",
            "key_name": "example",
            "key_name_prefix": null,
            "key_pair_id": "key-0c3526f92f3e70bb8",
            "public_key": "ssh-rsa AAAAB3NzaC1yc2EAAAADAQABAAACAQDid8AL4DevGqaDj9i2dPdr5mdEltZwrQ7Cw63Y78Rc3fj/BbCfmnqYK7XbW+SpCix62onVcTP8z/C8/XU6ecYosv69TdkiJRsamSbqOCb6jnCLajL1W5WAaBoHHK1+AfQPP2YoLKx9lyOf7M3/zxRsbUjo5jozRGcxK/2AVmnLrCYqk0pSpk5k+4llGeCQSlKIDjbGrhnPzz2IDInM0433mXoQua4z6bab2A+EF7txTytmkQZ8JeEcSGP0fFQPDaU0g5BJgRardTzWfnDa9SzsoIVvcYjP3dzVvWwcGpo05OsJI56J3/imftISDGe0t6gFO2HV0te13SwxddWikIbniR3cHbqkCLR/z9byHM9Bd2B73fRs2DUKB0iPP0+0nhcclcSrt3JHSOBsR+YHEpsWtNaPWMF9pG7IHLYTjQLtFKJ+vVuR/fl0eSxs4uVkKMURektep/f2adxch55fEWpt7+lwzGtTpGSQpngHNB0iZcwMU+QC8G9iV+gpqCDYm17SNPHmEuVmzzsOgyHD2H8HtbbBv2jqdykWqmWp0RKsuI5CkSCQaMNGW5hwIh2waWB+KOxa/wIbJQZdTRhbKwHshawYsJ8roF2AscfYUa6BS1vwTT3G6lpt7Eihfl0pZ2A12PaFoZrgALYEPNvULeS+zp3DborJtaH7f9OAVIPnXQ== hkt@hkt-arch",
            "tags": null
          },
          "sensitive_attributes": [],
          "private": "eyJzY2hlbWFfdmVyc2lvbiI6IjEifQ=="
        }
      ]
    },
    {
      "mode": "managed",
      "type": "aws_security_group",
      "name": "default",
      "provider": "provider[\"registry.terraform.io/hashicorp/aws\"]",
      "instances": [
        {
          "schema_version": 1,
          "attributes": {
            "arn": "arn:aws:ec2:us-east-1:489640666480:security-group/sg-00d0aa35dca1b660c",
            "description": "Managed by Terraform",
            "egress": [],
            "id": "sg-00d0aa35dca1b660c",
            "ingress": [
              {
                "cidr_blocks": [
                  "0.0.0.0/0"
                ],
                "description": "",
                "from_port": 22,
                "ipv6_cidr_blocks": [],
                "prefix_list_ids": [],
                "protocol": "tcp",
                "security_groups": [],
                "self": false,
                "to_port": 22
              }
            ],
            "name": "example_security_group",
            "name_prefix": "",
            "owner_id": "489640666480",
            "revoke_rules_on_delete": false,
            "tags": null,
            "timeouts": null,
            "vpc_id": "vpc-c5f549b8"
          },
          "sensitive_attributes": [],
          "private": "eyJlMmJmYjczMC1lY2FhLTExZTYtOGY4OC0zNDM2M2JjN2M0YzAiOnsiY3JlYXRlIjo2MDAwMDAwMDAwMDAsImRlbGV0ZSI6NjAwMDAwMDAwMDAwfSwic2NoZW1hX3ZlcnNpb24iOiIxIn0="
        }
      ]
    }
  ]
}
